
Microsoft Visual Studio Solution File, Format Version 12.00
# Visual Studio 15
VisualStudioVersion = 15.0.27004.2008
MinimumVisualStudioVersion = 10.0.40219.1
Project("{FAE04EC0-301F-11D3-BF4B-00C04F79EFBC}") = "smrt1", "smrt1.csproj", "{95B55BFA-AD20-4559-BC1F-4F6B17D2E845}"
EndProject
Global
	GlobalSection(SolutionConfigurationPlatforms) = preSolution
		Debug|Any CPU = Debug|Any CPU
		Release|Any CPU = Release|Any CPU
	EndGlobalSection
	GlobalSection(ProjectConfigurationPlatforms) = postSolution
		{95B55BFA-AD20-4559-BC1F-4F6B17D2E845}.Debug|Any CPU.ActiveCfg = Debug|Any CPU
		{95B55BFA-AD20-4559-BC1F-4F6B17D2E845}.Debug|Any CPU.Build.0 = Debug|Any CPU
		{95B55BFA-AD20-4559-BC1F-4F6B17D2E845}.Release|Any CPU.ActiveCfg = Release|Any CPU
		{95B55BFA-AD20-4559-BC1F-4F6B17D2E845}.Release|Any CPU.Build.0 = Release|Any CPU
	EndGlobalSection
	GlobalSection(SolutionProperties) = preSolution
		HideSolutionNode = FALSE
	EndGlobalSection
	GlobalSection(ExtensibilityGlobals) = postSolution
		SolutionGuid = {3E2D4D64-86DB-4EE5-B62F-C56A192D1774}
	EndGlobalSection
EndGlobal
